{
  "name": "typograf-now",
  "version": "0.0.2",
  "lockfileVersion": 1,
  "requires": true,
  "dependencies": {
    "@now/node": {
      "version": "1.2.0",
      "resolved": "https://registry.npmjs.org/@now/node/-/node-1.2.0.tgz",
      "integrity": "sha512-Opa2zADScP524xinCnfIug/8DzrXvNZhI6eUVPHBcnSxsRgVQphhUop9l3gRvepT77tfe1yuL3IsKUdTN51oOA==",
      "dev": true,
      "requires": {
        "@types/node": "*"
      }
    },
    "@types/node": {
      "version": "12.12.11",
      "resolved": "https://registry.npmjs.org/@types/node/-/node-12.12.11.tgz",
      "integrity": "sha512-O+x6uIpa6oMNTkPuHDa9MhMMehlxLAd5QcOvKRjAFsBVpeFWTOPnXbDvILvFgFFZfQ1xh1EZi1FbXxUix+zpsQ==",
      "dev": true
    },
    "typescript": {
      "version": "3.7.3",
      "resolved": "https://registry.npmjs.org/typescript/-/typescript-3.7.3.tgz",
      "integrity": "sha512-Mcr/Qk7hXqFBXMN7p7Lusj1ktCBydylfQM/FZCk5glCNQJrCUKPkMHdo9R0MTFWsC/4kPFvDS0fDPvukfCkFsw==",
      "dev": true
    },
    "typograf": {
      "version": "6.10.0",
      "resolved": "https://registry.npmjs.org/typograf/-/typograf-6.10.0.tgz",
      "integrity": "sha512-vnclxYomZqoN8C1+knZ+oa6oU7ATEgzurjpyiDO8QbPI1iJDRKqafdWPXMIr5sUahCL6mAnGerLYOtka0x54lw=="
    }
  }
}
