{
  "name": "typograf-now",
  "version": "0.0.2",
  "lockfileVersion": 1,
  "requires": true,
  "dependencies": {
    "@now/node": {
      "version": "1.2.1",
      "resolved": "https://registry.npmjs.org/@now/node/-/node-1.2.1.tgz",
      "integrity": "sha512-ksVtDt9zomOUvPPDZ4azRzhFBmPydHhX01Ag15z2349H6J7iCbmix9yR+3dqndGiLiDUY1crjlJT5dipoqHNJg==",
      "dev": true,
      "requires": {
        "@types/node": "*"
      }
    },
    "@types/node": {
      "version": "12.12.15",
      "resolved": "https://registry.npmjs.org/@types/node/-/node-12.12.15.tgz",
      "integrity": "sha512-Pv+vWicyFd07Hw/SmNnTUguqrHgDfMtjabvD9sQyxeqbpCEg8CmViLBaVPHtNsoBgZECrRf5/pgV6FJIBrGSjw==",
      "dev": true
    },
    "typescript": {
      "version": "3.7.3",
      "resolved": "https://registry.npmjs.org/typescript/-/typescript-3.7.3.tgz",
      "integrity": "sha512-Mcr/Qk7hXqFBXMN7p7Lusj1ktCBydylfQM/FZCk5glCNQJrCUKPkMHdo9R0MTFWsC/4kPFvDS0fDPvukfCkFsw==",
      "dev": true
    },
    "typograf": {
      "version": "6.10.0",
      "resolved": "https://registry.npmjs.org/typograf/-/typograf-6.10.0.tgz",
      "integrity": "sha512-vnclxYomZqoN8C1+knZ+oa6oU7ATEgzurjpyiDO8QbPI1iJDRKqafdWPXMIr5sUahCL6mAnGerLYOtka0x54lw=="
    }
  }
}
